speakeasyVersion: 1.666.2
sources:
    Zero Networks:
        sourceNamespace: zero-networks
        sourceRevisionDigest: sha256:1e4920c75675fbc689347ab10c5c2ba442ff4fbcdeb3e00eb290a71c97ab0988
        sourceBlobDigest: sha256:d78939af8b81fb3b7344f89cd6532ab6df8b743fe852d6be6ed9f374b304c60f
        tags:
            - latest
            - 1.0.9
targets:
    zero-networks:
        source: Zero Networks
        sourceNamespace: zero-networks
        sourceRevisionDigest: sha256:1e4920c75675fbc689347ab10c5c2ba442ff4fbcdeb3e00eb290a71c97ab0988
        sourceBlobDigest: sha256:d78939af8b81fb3b7344f89cd6532ab6df8b743fe852d6be6ed9f374b304c60f
workflow:
    workflowVersion: 1.0.0
    speakeasyVersion: latest
    sources:
        Zero Networks:
            inputs:
                - location: openapi.yaml
            overlays:
                - location: overlay.yaml
            registry:
                location: registry.speakeasyapi.dev/zeronetworks/zeronetworks/zero-networks
    targets:
        zero-networks:
            target: terraform
            source: Zero Networks
            publish:
                terraform:
                    gpgPrivateKey: $terraform_gpg_private_key
                    gpgPassPhrase: $terraform_gpg_passphrase
